
Microsoft Visual Studio Solution File, Format Version 12.00
# Visual Studio 2012
Project("{FAE04EC0-301F-11D3-BF4B-00C04F79EFBC}") = "MEDICA", "MEDICA\MEDICA.csproj", "{B1128FAA-D8A6-4DEF-93B8-FAFFD36CE435}"
EndProject
Global
	GlobalSection(SolutionConfigurationPlatforms) = preSolution
		Debug|Any CPU = Debug|Any CPU
		Release|Any CPU = Release|Any CPU
	EndGlobalSection
	GlobalSection(ProjectConfigurationPlatforms) = postSolution
		{B1128FAA-D8A6-4DEF-93B8-FAFFD36CE435}.Debug|Any CPU.ActiveCfg = Debug|Any CPU
		{B1128FAA-D8A6-4DEF-93B8-FAFFD36CE435}.Debug|Any CPU.Build.0 = Debug|Any CPU
		{B1128FAA-D8A6-4DEF-93B8-FAFFD36CE435}.Release|Any CPU.ActiveCfg = Release|Any CPU
		{B1128FAA-D8A6-4DEF-93B8-FAFFD36CE435}.Release|Any CPU.Build.0 = Release|Any CPU
	EndGlobalSection
	GlobalSection(SolutionProperties) = preSolution
		HideSolutionNode = FALSE
	EndGlobalSection
EndGlobal
